
Microsoft Visual Studio Solution File, Format Version 12.00
# Visual Studio Version 16
VisualStudioVersion = 16.0.29613.14
MinimumVisualStudioVersion = 10.0.40219.1
Project("{FAE04EC0-301F-11D3-BF4B-00C04F79EFBC}") = "WcfServiceTestEuqip", "WcfServiceTestEuqip\WcfServiceTestEuqip.csproj", "{93CF215D-5A7C-41B8-965C-67B793440E87}"
EndProject
Global
	GlobalSection(SolutionConfigurationPlatforms) = preSolution
		Debug|Any CPU = Debug|Any CPU
		Release|Any CPU = Release|Any CPU
	EndGlobalSection
	GlobalSection(ProjectConfigurationPlatforms) = postSolution
		{93CF215D-5A7C-41B8-965C-67B793440E87}.Debug|Any CPU.ActiveCfg = Debug|Any CPU
		{93CF215D-5A7C-41B8-965C-67B793440E87}.Debug|Any CPU.Build.0 = Debug|Any CPU
		{93CF215D-5A7C-41B8-965C-67B793440E87}.Release|Any CPU.ActiveCfg = Release|Any CPU
		{93CF215D-5A7C-41B8-965C-67B793440E87}.Release|Any CPU.Build.0 = Release|Any CPU
	EndGlobalSection
	GlobalSection(SolutionProperties) = preSolution
		HideSolutionNode = FALSE
	EndGlobalSection
	GlobalSection(ExtensibilityGlobals) = postSolution
		SolutionGuid = {49FBDF32-F80D-4A89-A850-688B8B6548C6}
	EndGlobalSection
EndGlobal
